
Microsoft Visual Studio Solution File, Format Version 12.00
# Visual Studio Version 17
VisualStudioVersion = 17.11.35222.181
MinimumVisualStudioVersion = 10.0.40219.1
Project("{FAE04EC0-301F-11D3-BF4B-00C04F79EFBC}") = "ExpenseVoyage", "ExpenseVoyage\ExpenseVoyage.csproj", "{4D1EBFBC-CBA9-48FD-B4AB-CE13CA05C221}"
EndProject
Global
	GlobalSection(SolutionConfigurationPlatforms) = preSolution
		Debug|Any CPU = Debug|Any CPU
		Release|Any CPU = Release|Any CPU
	EndGlobalSection
	GlobalSection(ProjectConfigurationPlatforms) = postSolution
		{4D1EBFBC-CBA9-48FD-B4AB-CE13CA05C221}.Debug|Any CPU.ActiveCfg = Debug|Any CPU
		{4D1EBFBC-CBA9-48FD-B4AB-CE13CA05C221}.Debug|Any CPU.Build.0 = Debug|Any CPU
		{4D1EBFBC-CBA9-48FD-B4AB-CE13CA05C221}.Release|Any CPU.ActiveCfg = Release|Any CPU
		{4D1EBFBC-CBA9-48FD-B4AB-CE13CA05C221}.Release|Any CPU.Build.0 = Release|Any CPU
	EndGlobalSection
	GlobalSection(SolutionProperties) = preSolution
		HideSolutionNode = FALSE
	EndGlobalSection
	GlobalSection(ExtensibilityGlobals) = postSolution
		SolutionGuid = {34415C0B-5235-4111-AF51-A72D10708460}
	EndGlobalSection
EndGlobal
